
Microsoft Visual Studio Solution File, Format Version 12.00
# Visual Studio Version 17
VisualStudioVersion = 17.0.31903.59
MinimumVisualStudioVersion = 10.0.40219.1
Project("{9A19103F-16F7-4668-BE54-9A1E7A4F7556}") = "TestApp.WebApi", "TestApp.WebApi\TestApp.WebApi.csproj", "{6C3B1EAD-9854-42AB-82EE-E23658B5F428}"
EndProject
Project("{FAE04EC0-301F-11D3-BF4B-00C04F79EFBC}") = "TestApp.Domain", "TestApp.Domain\TestApp.Domain.csproj", "{5880F4F8-CA2E-49EB-AE6F-34C23EA46C37}"
EndProject
Project("{FAE04EC0-301F-11D3-BF4B-00C04F79EFBC}") = "TestApp.DataAccess", "TestApp.DataAccess\TestApp.DataAccess.csproj", "{652B654B-E3F6-4B2F-B6E2-898E8784F937}"
EndProject
Project("{FAE04EC0-301F-11D3-BF4B-00C04F79EFBC}") = "TestApp.Tests", "TestApp.Tests\TestApp.Tests.csproj", "{130AA136-AC1E-4A2B-BAA1-B5526CF08D71}"
EndProject
Global
	GlobalSection(SolutionConfigurationPlatforms) = preSolution
		Debug|Any CPU = Debug|Any CPU
		Release|Any CPU = Release|Any CPU
	EndGlobalSection
	GlobalSection(ProjectConfigurationPlatforms) = postSolution
		{6C3B1EAD-9854-42AB-82EE-E23658B5F428}.Debug|Any CPU.ActiveCfg = Debug|Any CPU
		{6C3B1EAD-9854-42AB-82EE-E23658B5F428}.Debug|Any CPU.Build.0 = Debug|Any CPU
		{6C3B1EAD-9854-42AB-82EE-E23658B5F428}.Release|Any CPU.ActiveCfg = Release|Any CPU
		{6C3B1EAD-9854-42AB-82EE-E23658B5F428}.Release|Any CPU.Build.0 = Release|Any CPU
		{5880F4F8-CA2E-49EB-AE6F-34C23EA46C37}.Debug|Any CPU.ActiveCfg = Debug|Any CPU
		{5880F4F8-CA2E-49EB-AE6F-34C23EA46C37}.Debug|Any CPU.Build.0 = Debug|Any CPU
		{5880F4F8-CA2E-49EB-AE6F-34C23EA46C37}.Release|Any CPU.ActiveCfg = Release|Any CPU
		{5880F4F8-CA2E-49EB-AE6F-34C23EA46C37}.Release|Any CPU.Build.0 = Release|Any CPU
		{652B654B-E3F6-4B2F-B6E2-898E8784F937}.Debug|Any CPU.ActiveCfg = Debug|Any CPU
		{652B654B-E3F6-4B2F-B6E2-898E8784F937}.Debug|Any CPU.Build.0 = Debug|Any CPU
		{652B654B-E3F6-4B2F-B6E2-898E8784F937}.Release|Any CPU.ActiveCfg = Release|Any CPU
		{652B654B-E3F6-4B2F-B6E2-898E8784F937}.Release|Any CPU.Build.0 = Release|Any CPU
		{130AA136-AC1E-4A2B-BAA1-B5526CF08D71}.Debug|Any CPU.ActiveCfg = Debug|Any CPU
		{130AA136-AC1E-4A2B-BAA1-B5526CF08D71}.Debug|Any CPU.Build.0 = Debug|Any CPU
		{130AA136-AC1E-4A2B-BAA1-B5526CF08D71}.Release|Any CPU.ActiveCfg = Release|Any CPU
		{130AA136-AC1E-4A2B-BAA1-B5526CF08D71}.Release|Any CPU.Build.0 = Release|Any CPU
	EndGlobalSection
	GlobalSection(SolutionProperties) = preSolution
		HideSolutionNode = FALSE
	EndGlobalSection
	GlobalSection(ExtensibilityGlobals) = postSolution
		SolutionGuid = {E1BD8111-74CA-45BE-8B08-C507BFF1C015}
	EndGlobalSection
EndGlobal
